// !$*UTF8*$!
{
	archiveVersion = 1;
	classes = {
	};
	objectVersion = 51;
	objects = {

/* Begin PBXBuildFile section */
		09A924D038D6A41734DCEA67 /* Pods_Forecast.framework in Frameworks */ = {isa = PBXBuildFile; fileRef = 29FA23786C7138A061A073FB /* Pods_Forecast.framework */; };
		65333DB3248758ED00BFBF8D /* ForecastTableViewCell.swift in Sources */ = {isa = PBXBuildFile; fileRef = 65333DB1248758ED00BFBF8D /* ForecastTableViewCell.swift */; };
		65333DB4248758ED00BFBF8D /* ForecastTableViewCell.xib in Resources */ = {isa = PBXBuildFile; fileRef = 65333DB2248758ED00BFBF8D /* ForecastTableViewCell.xib */; };
		65410DD0248753F5003EE4F2 /* ForecastViewController.swift in Sources */ = {isa = PBXBuildFile; fileRef = 65410DCF248753F5003EE4F2 /* ForecastViewController.swift */; };
		655C5BAC2486BDF600015EFA /* AppDelegate.swift in Sources */ = {isa = PBXBuildFile; fileRef = 655C5BAB2486BDF600015EFA /* AppDelegate.swift */; };
		655C5BAE2486BDF600015EFA /* SceneDelegate.swift in Sources */ = {isa = PBXBuildFile; fileRef = 655C5BAD2486BDF600015EFA /* SceneDelegate.swift */; };
		655C5BB02486BDF600015EFA /* CityListViewController.swift in Sources */ = {isa = PBXBuildFile; fileRef = 655C5BAF2486BDF600015EFA /* CityListViewController.swift */; };
		655C5BB32486BDF600015EFA /* Main.storyboard in Resources */ = {isa = PBXBuildFile; fileRef = 655C5BB12486BDF600015EFA /* Main.storyboard */; };
		655C5BB52486BDF900015EFA /* Assets.xcassets in Resources */ = {isa = PBXBuildFile; fileRef = 655C5BB42486BDF900015EFA /* Assets.xcassets */; };
		655C5BB82486BDF900015EFA /* LaunchScreen.storyboard in Resources */ = {isa = PBXBuildFile; fileRef = 655C5BB62486BDF900015EFA /* LaunchScreen.storyboard */; };
		655C5BC32486BDF900015EFA /* ForecastTests.swift in Sources */ = {isa = PBXBuildFile; fileRef = 655C5BC22486BDF900015EFA /* ForecastTests.swift */; };
		655C5BCE2486E98100015EFA /* CurrentForecastResponse.swift in Sources */ = {isa = PBXBuildFile; fileRef = 655C5BCD2486E98100015EFA /* CurrentForecastResponse.swift */; };
		655C5BD0248708FF00015EFA /* CitiesProvider.swift in Sources */ = {isa = PBXBuildFile; fileRef = 655C5BCF248708FF00015EFA /* CitiesProvider.swift */; };
		6566F77024886CB5001445D3 /* ForecastService.swift in Sources */ = {isa = PBXBuildFile; fileRef = 6566F76F24886CB5001445D3 /* ForecastService.swift */; };
		6566F7742488AA8D001445D3 /* Styles.swift in Sources */ = {isa = PBXBuildFile; fileRef = 6566F7732488AA8D001445D3 /* Styles.swift */; };
		658B4552248B032600F24570 /* ForecastDetailViewController.swift in Sources */ = {isa = PBXBuildFile; fileRef = 658B4551248B032600F24570 /* ForecastDetailViewController.swift */; };
		65C849272488BA8F00FAB4E9 /* HourlyForecastTableViewCell.swift in Sources */ = {isa = PBXBuildFile; fileRef = 65C849252488BA8F00FAB4E9 /* HourlyForecastTableViewCell.swift */; };
		65C849282488BA8F00FAB4E9 /* HourlyForecastTableViewCell.xib in Resources */ = {isa = PBXBuildFile; fileRef = 65C849262488BA8F00FAB4E9 /* HourlyForecastTableViewCell.xib */; };
		CC1547C3310EDC5E0469A13D /* Pods_ForecastTests.framework in Frameworks */ = {isa = PBXBuildFile; fileRef = C5424F4DB96A252EF2EEB012 /* Pods_ForecastTests.framework */; };
/* End PBXBuildFile section */

/* Begin PBXContainerItemProxy section */
		655C5BBF2486BDF900015EFA /* PBXContainerItemProxy */ = {
			isa = PBXContainerItemProxy;
			containerPortal = 655C5BA02486BDF600015EFA /* Project object */;
			proxyType = 1;
			remoteGlobalIDString = 655C5BA72486BDF600015EFA;
			remoteInfo = Forecast;
		};
/* End PBXContainerItemProxy section */

/* Begin PBXFileReference section */
		29FA23786C7138A061A073FB /* Pods_Forecast.framework */ = {isa = PBXFileReference; explicitFileType = wrapper.framework; includeInIndex = 0; path = Pods_Forecast.framework; sourceTree = BUILT_PRODUCTS_DIR; };
		65333DB1248758ED00BFBF8D /* ForecastTableViewCell.swift */ = {isa = PBXFileReference; lastKnownFileType = sourcecode.swift; path = ForecastTableViewCell.swift; sourceTree = "<group>"; };
		65333DB2248758ED00BFBF8D /* ForecastTableViewCell.xib */ = {isa = PBXFileReference; lastKnownFileType = file.xib; path = ForecastTableViewCell.xib; sourceTree = "<group>"; };
		65410DCF248753F5003EE4F2 /* ForecastViewController.swift */ = {isa = PBXFileReference; lastKnownFileType = sourcecode.swift; path = ForecastViewController.swift; sourceTree = "<group>"; };
		655C5BA82486BDF600015EFA /* Forecast.app */ = {isa = PBXFileReference; explicitFileType = wrapper.application; includeInIndex = 0; path = Forecast.app; sourceTree = BUILT_PRODUCTS_DIR; };
		655C5BAB2486BDF600015EFA /* AppDelegate.swift */ = {isa = PBXFileReference; lastKnownFileType = sourcecode.swift; path = AppDelegate.swift; sourceTree = "<group>"; };
		655C5BAD2486BDF600015EFA /* SceneDelegate.swift */ = {isa = PBXFileReference; lastKnownFileType = sourcecode.swift; path = SceneDelegate.swift; sourceTree = "<group>"; };
		655C5BAF2486BDF600015EFA /* CityListViewController.swift */ = {isa = PBXFileReference; lastKnownFileType = sourcecode.swift; path = CityListViewController.swift; sourceTree = "<group>"; };
		655C5BB22486BDF600015EFA /* Base */ = {isa = PBXFileReference; lastKnownFileType = file.storyboard; name = Base; path = Base.lproj/Main.storyboard; sourceTree = "<group>"; };
		655C5BB42486BDF900015EFA /* Assets.xcassets */ = {isa = PBXFileReference; lastKnownFileType = folder.assetcatalog; path = Assets.xcassets; sourceTree = "<group>"; };
		655C5BB72486BDF900015EFA /* Base */ = {isa = PBXFileReference; lastKnownFileType = file.storyboard; name = Base; path = Base.lproj/LaunchScreen.storyboard; sourceTree = "<group>"; };
		655C5BB92486BDF900015EFA /* Info.plist */ = {isa = PBXFileReference; lastKnownFileType = text.plist.xml; path = Info.plist; sourceTree = "<group>"; };
		655C5BBE2486BDF900015EFA /* ForecastTests.xctest */ = {isa = PBXFileReference; explicitFileType = wrapper.cfbundle; includeInIndex = 0; path = ForecastTests.xctest; sourceTree = BUILT_PRODUCTS_DIR; };
		655C5BC22486BDF900015EFA /* ForecastTests.swift */ = {isa = PBXFileReference; lastKnownFileType = sourcecode.swift; path = ForecastTests.swift; sourceTree = "<group>"; };
		655C5BC42486BDF900015EFA /* Info.plist */ = {isa = PBXFileReference; lastKnownFileType = text.plist.xml; path = Info.plist; sourceTree = "<group>"; };
		655C5BCD2486E98100015EFA /* CurrentForecastResponse.swift */ = {isa = PBXFileReference; lastKnownFileType = sourcecode.swift; path = CurrentForecastResponse.swift; sourceTree = "<group>"; };
		655C5BCF248708FF00015EFA /* CitiesProvider.swift */ = {isa = PBXFileReference; lastKnownFileType = sourcecode.swift; path = CitiesProvider.swift; sourceTree = "<group>"; };
		6566F76F24886CB5001445D3 /* ForecastService.swift */ = {isa = PBXFileReference; lastKnownFileType = sourcecode.swift; path = ForecastService.swift; sourceTree = "<group>"; };
		6566F7732488AA8D001445D3 /* Styles.swift */ = {isa = PBXFileReference; lastKnownFileType = sourcecode.swift; path = Styles.swift; sourceTree = "<group>"; };
		658B4551248B032600F24570 /* ForecastDetailViewController.swift */ = {isa = PBXFileReference; lastKnownFileType = sourcecode.swift; path = ForecastDetailViewController.swift; sourceTree = "<group>"; };
		65C849252488BA8F00FAB4E9 /* HourlyForecastTableViewCell.swift */ = {isa = PBXFileReference; lastKnownFileType = sourcecode.swift; path = HourlyForecastTableViewCell.swift; sourceTree = "<group>"; };
		65C849262488BA8F00FAB4E9 /* HourlyForecastTableViewCell.xib */ = {isa = PBXFileReference; lastKnownFileType = file.xib; path = HourlyForecastTableViewCell.xib; sourceTree = "<group>"; };
		71FF068767F4CCAEECCB01A8 /* Pods-Forecast.release.xcconfig */ = {isa = PBXFileReference; includeInIndex = 1; lastKnownFileType = text.xcconfig; name = "Pods-Forecast.release.xcconfig"; path = "Target Support Files/Pods-Forecast/Pods-Forecast.release.xcconfig"; sourceTree = "<group>"; };
		936D6440B024190F5445688B /* Pods-Forecast.debug.xcconfig */ = {isa = PBXFileReference; includeInIndex = 1; lastKnownFileType = text.xcconfig; name = "Pods-Forecast.debug.xcconfig"; path = "Target Support Files/Pods-Forecast/Pods-Forecast.debug.xcconfig"; sourceTree = "<group>"; };
		B25990168CD84DAEE5CEE24B /* Pods-ForecastTests.release.xcconfig */ = {isa = PBXFileReference; includeInIndex = 1; lastKnownFileType = text.xcconfig; name = "Pods-ForecastTests.release.xcconfig"; path = "Target Support Files/Pods-ForecastTests/Pods-ForecastTests.release.xcconfig"; sourceTree = "<group>"; };
		C5424F4DB96A252EF2EEB012 /* Pods_ForecastTests.framework */ = {isa = PBXFileReference; explicitFileType = wrapper.framework; includeInIndex = 0; path = Pods_ForecastTests.framework; sourceTree = BUILT_PRODUCTS_DIR; };
		D5E76D3DDBE09FDABBCA058E /* Pods-ForecastTests.debug.xcconfig */ = {isa = PBXFileReference; includeInIndex = 1; lastKnownFileType = text.xcconfig; name = "Pods-ForecastTests.debug.xcconfig"; path = "Target Support Files/Pods-ForecastTests/Pods-ForecastTests.debug.xcconfig"; sourceTree = "<group>"; };
/* End PBXFileReference section */

/* Begin PBXFrameworksBuildPhase section */
		655C5BA52486BDF600015EFA /* Frameworks */ = {
			isa = PBXFrameworksBuildPhase;
			buildActionMask = 2147483647;
			files = (
				09A924D038D6A41734DCEA67 /* Pods_Forecast.framework in Frameworks */,
			);
			runOnlyForDeploymentPostprocessing = 0;
		};
		655C5BBB2486BDF900015EFA /* Frameworks */ = {
			isa = PBXFrameworksBuildPhase;
			buildActionMask = 2147483647;
			files = (
				CC1547C3310EDC5E0469A13D /* Pods_ForecastTests.framework in Frameworks */,
			);
			runOnlyForDeploymentPostprocessing = 0;
		};
/* End PBXFrameworksBuildPhase section */

/* Begin PBXGroup section */
		655C5B9F2486BDF600015EFA = {
			isa = PBXGroup;
			children = (
				655C5BAA2486BDF600015EFA /* Forecast */,
				655C5BC12486BDF900015EFA /* ForecastTests */,
				655C5BA92486BDF600015EFA /* Products */,
				F5E5DEA58C11085605219887 /* Pods */,
				FD75D7983725361C9C64CE27 /* Frameworks */,
			);
			sourceTree = "<group>";
		};
		655C5BA92486BDF600015EFA /* Products */ = {
			isa = PBXGroup;
			children = (
				655C5BA82486BDF600015EFA /* Forecast.app */,
				655C5BBE2486BDF900015EFA /* ForecastTests.xctest */,
			);
			name = Products;
			sourceTree = "<group>";
		};
		655C5BAA2486BDF600015EFA /* Forecast */ = {
			isa = PBXGroup;
			children = (
				655C5BAB2486BDF600015EFA /* AppDelegate.swift */,
				655C5BAD2486BDF600015EFA /* SceneDelegate.swift */,
				655C5BAF2486BDF600015EFA /* CityListViewController.swift */,
				65410DCF248753F5003EE4F2 /* ForecastViewController.swift */,
				658B4551248B032600F24570 /* ForecastDetailViewController.swift */,
				65333DB1248758ED00BFBF8D /* ForecastTableViewCell.swift */,
				65333DB2248758ED00BFBF8D /* ForecastTableViewCell.xib */,
				65C849252488BA8F00FAB4E9 /* HourlyForecastTableViewCell.swift */,
				65C849262488BA8F00FAB4E9 /* HourlyForecastTableViewCell.xib */,
				655C5BCD2486E98100015EFA /* CurrentForecastResponse.swift */,
				655C5BCF248708FF00015EFA /* CitiesProvider.swift */,
				6566F76F24886CB5001445D3 /* ForecastService.swift */,
				6566F7732488AA8D001445D3 /* Styles.swift */,
				655C5BB12486BDF600015EFA /* Main.storyboard */,
				655C5BB42486BDF900015EFA /* Assets.xcassets */,
				655C5BB62486BDF900015EFA /* LaunchScreen.storyboard */,
				655C5BB92486BDF900015EFA /* Info.plist */,
			);
			path = Forecast;
			sourceTree = "<group>";
		};
		655C5BC12486BDF900015EFA /* ForecastTests */ = {
			isa = PBXGroup;
			children = (
				655C5BC22486BDF900015EFA /* ForecastTests.swift */,
				655C5BC42486BDF900015EFA /* Info.plist */,
			);
			path = ForecastTests;
			sourceTree = "<group>";
		};
		F5E5DEA58C11085605219887 /* Pods */ = {
			isa = PBXGroup;
			children = (
				936D6440B024190F5445688B /* Pods-Forecast.debug.xcconfig */,
				71FF068767F4CCAEECCB01A8 /* Pods-Forecast.release.xcconfig */,
				D5E76D3DDBE09FDABBCA058E /* Pods-ForecastTests.debug.xcconfig */,
				B25990168CD84DAEE5CEE24B /* Pods-ForecastTests.release.xcconfig */,
			);
			path = Pods;
			sourceTree = "<group>";
		};
		FD75D7983725361C9C64CE27 /* Frameworks */ = {
			isa = PBXGroup;
			children = (
				29FA23786C7138A061A073FB /* Pods_Forecast.framework */,
				C5424F4DB96A252EF2EEB012 /* Pods_ForecastTests.framework */,
			);
			name = Frameworks;
			sourceTree = "<group>";
		};
/* End PBXGroup section */

/* Begin PBXNativeTarget section */
		655C5BA72486BDF600015EFA /* Forecast */ = {
			isa = PBXNativeTarget;
			buildConfigurationList = 655C5BC72486BDF900015EFA /* Build configuration list for PBXNativeTarget "Forecast" */;
			buildPhases = (
				393401E024DEC03353C445F6 /* [CP] Check Pods Manifest.lock */,
				655C5BA42486BDF600015EFA /* Sources */,
				655C5BA52486BDF600015EFA /* Frameworks */,
				655C5BA62486BDF600015EFA /* Resources */,
				9284631460F3D47D2C9D95FA /* [CP] Copy Pods Resources */,
			);
			buildRules = (
			);
			dependencies = (
			);
			name = Forecast;
			productName = Forecast;
			productReference = 655C5BA82486BDF600015EFA /* Forecast.app */;
			productType = "com.apple.product-type.application";
		};
		655C5BBD2486BDF900015EFA /* ForecastTests */ = {
			isa = PBXNativeTarget;
			buildConfigurationList = 655C5BCA2486BDF900015EFA /* Build configuration list for PBXNativeTarget "ForecastTests" */;
			buildPhases = (
				DD9929F065E4738EC79CC83D /* [CP] Check Pods Manifest.lock */,
				655C5BBA2486BDF900015EFA /* Sources */,
				655C5BBB2486BDF900015EFA /* Frameworks */,
				655C5BBC2486BDF900015EFA /* Resources */,
			);
			buildRules = (
			);
			dependencies = (
				655C5BC02486BDF900015EFA /* PBXTargetDependency */,
			);
			name = ForecastTests;
			productName = ForecastTests;
			productReference = 655C5BBE2486BDF900015EFA /* ForecastTests.xctest */;
			productType = "com.apple.product-type.bundle.unit-test";
		};
/* End PBXNativeTarget section */

/* Begin PBXProject section */
		655C5BA02486BDF600015EFA /* Project object */ = {
			isa = PBXProject;
			attributes = {
				LastSwiftUpdateCheck = 1130;
				LastUpgradeCheck = 1130;
				ORGANIZATIONNAME = "Evan Brass";
				TargetAttributes = {
					655C5BA72486BDF600015EFA = {
						CreatedOnToolsVersion = 11.3.1;
					};
					655C5BBD2486BDF900015EFA = {
						CreatedOnToolsVersion = 11.3.1;
						TestTargetID = 655C5BA72486BDF600015EFA;
					};
				};
			};
			buildConfigurationList = 655C5BA32486BDF600015EFA /* Build configuration list for PBXProject "Forecast" */;
			compatibilityVersion = "Xcode 9.3";
			developmentRegion = en;
			hasScannedForEncodings = 0;
			knownRegions = (
				en,
				Base,
			);
			mainGroup = 655C5B9F2486BDF600015EFA;
			productRefGroup = 655C5BA92486BDF600015EFA /* Products */;
			projectDirPath = "";
			projectRoot = "";
			targets = (
				655C5BA72486BDF600015EFA /* Forecast */,
				655C5BBD2486BDF900015EFA /* ForecastTests */,
			);
		};
/* End PBXProject section */

/* Begin PBXResourcesBuildPhase section */
		655C5BA62486BDF600015EFA /* Resources */ = {
			isa = PBXResourcesBuildPhase;
			buildActionMask = 2147483647;
			files = (
				65333DB4248758ED00BFBF8D /* ForecastTableViewCell.xib in Resources */,
				655C5BB82486BDF900015EFA /* LaunchScreen.storyboard in Resources */,
				65C849282488BA8F00FAB4E9 /* HourlyForecastTableViewCell.xib in Resources */,
				655C5BB52486BDF900015EFA /* Assets.xcassets in Resources */,
				655C5BB32486BDF600015EFA /* Main.storyboard in Resources */,
			);
			runOnlyForDeploymentPostprocessing = 0;
		};
		655C5BBC2486BDF900015EFA /* Resources */ = {
			isa = PBXResourcesBuildPhase;
			buildActionMask = 2147483647;
			files = (
			);
			runOnlyForDeploymentPostprocessing = 0;
		};
/* End PBXResourcesBuildPhase section */

/* Begin PBXShellScriptBuildPhase section */
		393401E024DEC03353C445F6 /* [CP] Check Pods Manifest.lock */ = {
			isa = PBXShellScriptBuildPhase;
			buildActionMask = 2147483647;
			files = (
			);
			inputFileListPaths = (
			);
			inputPaths = (
				"${PODS_PODFILE_DIR_PATH}/Podfile.lock",
				"${PODS_ROOT}/Manifest.lock",
			);
			name = "[CP] Check Pods Manifest.lock";
			outputFileListPaths = (
			);
			outputPaths = (
				"$(DERIVED_FILE_DIR)/Pods-Forecast-checkManifestLockResult.txt",
			);
			runOnlyForDeploymentPostprocessing = 0;
			shellPath = /bin/sh;
			shellScript = "diff \"${PODS_PODFILE_DIR_PATH}/Podfile.lock\" \"${PODS_ROOT}/Manifest.lock\" > /dev/null\nif [ $? != 0 ] ; then\n    # print error to STDERR\n    echo \"error: The sandbox is not in sync with the Podfile.lock. Run 'pod install' or update your CocoaPods installation.\" >&2\n    exit 1\nfi\n# This output is used by Xcode 'outputs' to avoid re-running this script phase.\necho \"SUCCESS\" > \"${SCRIPT_OUTPUT_FILE_0}\"\n";
			showEnvVarsInLog = 0;
		};
		9284631460F3D47D2C9D95FA /* [CP] Copy Pods Resources */ = {
			isa = PBXShellScriptBuildPhase;
			buildActionMask = 2147483647;
			files = (
			);
			inputFileListPaths = (
				"${PODS_ROOT}/Target Support Files/Pods-Forecast/Pods-Forecast-resources-${CONFIGURATION}-input-files.xcfilelist",
			);
			name = "[CP] Copy Pods Resources";
			outputFileListPaths = (
				"${PODS_ROOT}/Target Support Files/Pods-Forecast/Pods-Forecast-resources-${CONFIGURATION}-output-files.xcfilelist",
			);
			runOnlyForDeploymentPostprocessing = 0;
			shellPath = /bin/sh;
			shellScript = "\"${PODS_ROOT}/Target Support Files/Pods-Forecast/Pods-Forecast-resources.sh\"\n";
			showEnvVarsInLog = 0;
		};
		DD9929F065E4738EC79CC83D /* [CP] Check Pods Manifest.lock */ = {
			isa = PBXShellScriptBuildPhase;
			buildActionMask = 2147483647;
			files = (
			);
			inputFileListPaths = (
			);
			inputPaths = (
				"${PODS_PODFILE_DIR_PATH}/Podfile.lock",
				"${PODS_ROOT}/Manifest.lock",
			);
			name = "[CP] Check Pods Manifest.lock";
			outputFileListPaths = (
			);
			outputPaths = (
				"$(DERIVED_FILE_DIR)/Pods-ForecastTests-checkManifestLockResult.txt",
			);
			runOnlyForDeploymentPostprocessing = 0;
			shellPath = /bin/sh;
			shellScript = "diff \"${PODS_PODFILE_DIR_PATH}/Podfile.lock\" \"${PODS_ROOT}/Manifest.lock\" > /dev/null\nif [ $? != 0 ] ; then\n    # print error to STDERR\n    echo \"error: The sandbox is not in sync with the Podfile.lock. Run 'pod install' or update your CocoaPods installation.\" >&2\n    exit 1\nfi\n# This output is used by Xcode 'outputs' to avoid re-running this script phase.\necho \"SUCCESS\" > \"${SCRIPT_OUTPUT_FILE_0}\"\n";
			showEnvVarsInLog = 0;
		};
/* End PBXShellScriptBuildPhase section */

/* Begin PBXSourcesBuildPhase section */
		655C5BA42486BDF600015EFA /* Sources */ = {
			isa = PBXSourcesBuildPhase;
			buildActionMask = 2147483647;
			files = (
				658B4552248B032600F24570 /* ForecastDetailViewController.swift in Sources */,
				6566F77024886CB5001445D3 /* ForecastService.swift in Sources */,
				6566F7742488AA8D001445D3 /* Styles.swift in Sources */,
				655C5BB02486BDF600015EFA /* CityListViewController.swift in Sources */,
				65C849272488BA8F00FAB4E9 /* HourlyForecastTableViewCell.swift in Sources */,
				655C5BCE2486E98100015EFA /* CurrentForecastResponse.swift in Sources */,
				655C5BAC2486BDF600015EFA /* AppDelegate.swift in Sources */,
				655C5BAE2486BDF600015EFA /* SceneDelegate.swift in Sources */,
				65333DB3248758ED00BFBF8D /* ForecastTableViewCell.swift in Sources */,
				655C5BD0248708FF00015EFA /* CitiesProvider.swift in Sources */,
				65410DD0248753F5003EE4F2 /* ForecastViewController.swift in Sources */,
			);
			runOnlyForDeploymentPostprocessing = 0;
		};
		655C5BBA2486BDF900015EFA /* Sources */ = {
			isa = PBXSourcesBuildPhase;
			buildActionMask = 2147483647;
			files = (
				655C5BC32486BDF900015EFA /* ForecastTests.swift in Sources */,
			);
			runOnlyForDeploymentPostprocessing = 0;
		};
/* End PBXSourcesBuildPhase section */

/* Begin PBXTargetDependency section */
		655C5BC02486BDF900015EFA /* PBXTargetDependency */ = {
			isa = PBXTargetDependency;
			target = 655C5BA72486BDF600015EFA /* Forecast */;
			targetProxy = 655C5BBF2486BDF900015EFA /* PBXContainerItemProxy */;
		};
/* End PBXTargetDependency section */

/* Begin PBXVariantGroup section */
		655C5BB12486BDF600015EFA /* Main.storyboard */ = {
			isa = PBXVariantGroup;
			children = (
				655C5BB22486BDF600015EFA /* Base */,
			);
			name = Main.storyboard;
			sourceTree = "<group>";
		};
		655C5BB62486BDF900015EFA /* LaunchScreen.storyboard */ = {
			isa = PBXVariantGroup;
			children = (
				655C5BB72486BDF900015EFA /* Base */,
			);
			name = LaunchScreen.storyboard;
			sourceTree = "<group>";
		};
/* End PBXVariantGroup section */

/* Begin XCBuildConfiguration section */
		655C5BC52486BDF900015EFA /* Debug */ = {
			isa = XCBuildConfiguration;
			buildSettings = {
				ALWAYS_SEARCH_USER_PATHS = NO;
				CLANG_ANALYZER_NONNULL = YES;
				CLANG_ANALYZER_NUMBER_OBJECT_CONVERSION = YES_AGGRESSIVE;
				CLANG_CXX_LANGUAGE_STANDARD = "gnu++14";
				CLANG_CXX_LIBRARY = "libc++";
				CLANG_ENABLE_MODULES = YES;
				CLANG_ENABLE_OBJC_ARC = YES;
				CLANG_ENABLE_OBJC_WEAK = YES;
				CLANG_WARN_BLOCK_CAPTURE_AUTORELEASING = YES;
				CLANG_WARN_BOOL_CONVERSION = YES;
				CLANG_WARN_COMMA = YES;
				CLANG_WARN_CONSTANT_CONVERSION = YES;
				CLANG_WARN_DEPRECATED_OBJC_IMPLEMENTATIONS = YES;
				CLANG_WARN_DIRECT_OBJC_ISA_USAGE = YES_ERROR;
				CLANG_WARN_DOCUMENTATION_COMMENTS = YES;
				CLANG_WARN_EMPTY_BODY = YES;
				CLANG_WARN_ENUM_CONVERSION = YES;
				CLANG_WARN_INFINITE_RECURSION = YES;
				CLANG_WARN_INT_CONVERSION = YES;
				CLANG_WARN_NON_LITERAL_NULL_CONVERSION = YES;
				CLANG_WARN_OBJC_IMPLICIT_RETAIN_SELF = YES;
				CLANG_WARN_OBJC_LITERAL_CONVERSION = YES;
				CLANG_WARN_OBJC_ROOT_CLASS = YES_ERROR;
				CLANG_WARN_RANGE_LOOP_ANALYSIS = YES;
				CLANG_WARN_STRICT_PROTOTYPES = YES;
				CLANG_WARN_SUSPICIOUS_MOVE = YES;
				CLANG_WARN_UNGUARDED_AVAILABILITY = YES_AGGRESSIVE;
				CLANG_WARN_UNREACHABLE_CODE = YES;
				CLANG_WARN__DUPLICATE_METHOD_MATCH = YES;
				COPY_PHASE_STRIP = NO;
				DEBUG_INFORMATION_FORMAT = dwarf;
				ENABLE_STRICT_OBJC_MSGSEND = YES;
				ENABLE_TESTABILITY = YES;
				GCC_C_LANGUAGE_STANDARD = gnu11;
				GCC_DYNAMIC_NO_PIC = NO;
				GCC_NO_COMMON_BLOCKS = YES;
				GCC_OPTIMIZATION_LEVEL = 0;
				GCC_PREPROCESSOR_DEFINITIONS = (
					"DEBUG=1",
					"$(inherited)",
				);
				GCC_WARN_64_TO_32_BIT_CONVERSION = YES;
				GCC_WARN_ABOUT_RETURN_TYPE = YES_ERROR;
				GCC_WARN_UNDECLARED_SELECTOR = YES;
				GCC_WARN_UNINITIALIZED_AUTOS = YES_AGGRESSIVE;
				GCC_WARN_UNUSED_FUNCTION = YES;
				GCC_WARN_UNUSED_VARIABLE = YES;
				IPHONEOS_DEPLOYMENT_TARGET = 13.2;
				MTL_ENABLE_DEBUG_INFO = INCLUDE_SOURCE;
				MTL_FAST_MATH = YES;
				ONLY_ACTIVE_ARCH = YES;
				SDKROOT = iphoneos;
				SWIFT_ACTIVE_COMPILATION_CONDITIONS = DEBUG;
				SWIFT_OPTIMIZATION_LEVEL = "-Onone";
			};
			name = Debug;
		};
		655C5BC62486BDF900015EFA /* Release */ = {
			isa = XCBuildConfiguration;
			buildSettings = {
				ALWAYS_SEARCH_USER_PATHS = NO;
				CLANG_ANALYZER_NONNULL = YES;
				CLANG_ANALYZER_NUMBER_OBJECT_CONVERSION = YES_AGGRESSIVE;
				CLANG_CXX_LANGUAGE_STANDARD = "gnu++14";
				CLANG_CXX_LIBRARY = "libc++";
				CLANG_ENABLE_MODULES = YES;
				CLANG_ENABLE_OBJC_ARC = YES;
				CLANG_ENABLE_OBJC_WEAK = YES;
				CLANG_WARN_BLOCK_CAPTURE_AUTORELEASING = YES;
				CLANG_WARN_BOOL_CONVERSION = YES;
				CLANG_WARN_COMMA = YES;
				CLANG_WARN_CONSTANT_CONVERSION = YES;
				CLANG_WARN_DEPRECATED_OBJC_IMPLEMENTATIONS = YES;
				CLANG_WARN_DIRECT_OBJC_ISA_USAGE = YES_ERROR;
				CLANG_WARN_DOCUMENTATION_COMMENTS = YES;
				CLANG_WARN_EMPTY_BODY = YES;
				CLANG_WARN_ENUM_CONVERSION = YES;
				CLANG_WARN_INFINITE_RECURSION = YES;
				CLANG_WARN_INT_CONVERSION = YES;
				CLANG_WARN_NON_LITERAL_NULL_CONVERSION = YES;
				CLANG_WARN_OBJC_IMPLICIT_RETAIN_SELF = YES;
				CLANG_WARN_OBJC_LITERAL_CONVERSION = YES;
				CLANG_WARN_OBJC_ROOT_CLASS = YES_ERROR;
				CLANG_WARN_RANGE_LOOP_ANALYSIS = YES;
				CLANG_WARN_STRICT_PROTOTYPES = YES;
				CLANG_WARN_SUSPICIOUS_MOVE = YES;
				CLANG_WARN_UNGUARDED_AVAILABILITY = YES_AGGRESSIVE;
				CLANG_WARN_UNREACHABLE_CODE = YES;
				CLANG_WARN__DUPLICATE_METHOD_MATCH = YES;
				COPY_PHASE_STRIP = NO;
				DEBUG_INFORMATION_FORMAT = "dwarf-with-dsym";
				ENABLE_NS_ASSERTIONS = NO;
				ENABLE_STRICT_OBJC_MSGSEND = YES;
				GCC_C_LANGUAGE_STANDARD = gnu11;
				GCC_NO_COMMON_BLOCKS = YES;
				GCC_WARN_64_TO_32_BIT_CONVERSION = YES;
				GCC_WARN_ABOUT_RETURN_TYPE = YES_ERROR;
				GCC_WARN_UNDECLARED_SELECTOR = YES;
				GCC_WARN_UNINITIALIZED_AUTOS = YES_AGGRESSIVE;
				GCC_WARN_UNUSED_FUNCTION = YES;
				GCC_WARN_UNUSED_VARIABLE = YES;
				IPHONEOS_DEPLOYMENT_TARGET = 13.2;
				MTL_ENABLE_DEBUG_INFO = NO;
				MTL_FAST_MATH = YES;
				SDKROOT = iphoneos;
				SWIFT_COMPILATION_MODE = wholemodule;
				SWIFT_OPTIMIZATION_LEVEL = "-O";
				VALIDATE_PRODUCT = YES;
			};
			name = Release;
		};
		655C5BC82486BDF900015EFA /* Debug */ = {
			isa = XCBuildConfiguration;
			baseConfigurationReference = 936D6440B024190F5445688B /* Pods-Forecast.debug.xcconfig */;
			buildSettings = {
				ASSETCATALOG_COMPILER_APPICON_NAME = AppIcon;
				CODE_SIGN_STYLE = Automatic;
				DEVELOPMENT_TEAM = M8EW3A763J;
				INFOPLIST_FILE = Forecast/Info.plist;
				IPHONEOS_DEPLOYMENT_TARGET = 13.0;
				LD_RUNPATH_SEARCH_PATHS = (
					"$(inherited)",
					"@executable_path/Frameworks",
				);
				PRODUCT_BUNDLE_IDENTIFIER = evanbrass.Forecast;
				PRODUCT_NAME = "$(TARGET_NAME)";
				SWIFT_VERSION = 5.0;
				TARGETED_DEVICE_FAMILY = "1,2";
			};
			name = Debug;
		};
		655C5BC92486BDF900015EFA /* Release */ = {
			isa = XCBuildConfiguration;
			baseConfigurationReference = 71FF068767F4CCAEECCB01A8 /* Pods-Forecast.release.xcconfig */;
			buildSettings = {
				ASSETCATALOG_COMPILER_APPICON_NAME = AppIcon;
				CODE_SIGN_STYLE = Automatic;
				DEVELOPMENT_TEAM = M8EW3A763J;
				INFOPLIST_FILE = Forecast/Info.plist;
				IPHONEOS_DEPLOYMENT_TARGET = 13.0;
				LD_RUNPATH_SEARCH_PATHS = (
					"$(inherited)",
					"@executable_path/Frameworks",
				);
				PRODUCT_BUNDLE_IDENTIFIER = evanbrass.Forecast;
				PRODUCT_NAME = "$(TARGET_NAME)";
				SWIFT_VERSION = 5.0;
				TARGETED_DEVICE_FAMILY = "1,2";
			};
			name = Release;
		};
		655C5BCB2486BDF900015EFA /* Debug */ = {
			isa = XCBuildConfiguration;
			baseConfigurationReference = D5E76D3DDBE09FDABBCA058E /* Pods-ForecastTests.debug.xcconfig */;
			buildSettings = {
				ALWAYS_EMBED_SWIFT_STANDARD_LIBRARIES = YES;
				BUNDLE_LOADER = "$(TEST_HOST)";
				CODE_SIGN_STYLE = Automatic;
				DEVELOPMENT_TEAM = M8EW3A763J;
				INFOPLIST_FILE = ForecastTests/Info.plist;
				IPHONEOS_DEPLOYMENT_TARGET = 13.2;
				LD_RUNPATH_SEARCH_PATHS = (
					"$(inherited)",
					"@executable_path/Frameworks",
					"@loader_path/Frameworks",
				);
				PRODUCT_BUNDLE_IDENTIFIER = evanbrass.ForecastTests;
				PRODUCT_NAME = "$(TARGET_NAME)";
				SWIFT_VERSION = 5.0;
				TARGETED_DEVICE_FAMILY = "1,2";
				TEST_HOST = "$(BUILT_PRODUCTS_DIR)/Forecast.app/Forecast";
			};
			name = Debug;
		};
		655C5BCC2486BDF900015EFA /* Release */ = {
			isa = XCBuildConfiguration;
			baseConfigurationReference = B25990168CD84DAEE5CEE24B /* Pods-ForecastTests.release.xcconfig */;
			buildSettings = {
				ALWAYS_EMBED_SWIFT_STANDARD_LIBRARIES = YES;
				BUNDLE_LOADER = "$(TEST_HOST)";
				CODE_SIGN_STYLE = Automatic;
				DEVELOPMENT_TEAM = M8EW3A763J;
				INFOPLIST_FILE = ForecastTests/Info.plist;
				IPHONEOS_DEPLOYMENT_TARGET = 13.2;
				LD_RUNPATH_SEARCH_PATHS = (
					"$(inherited)",
					"@executable_path/Frameworks",
					"@loader_path/Frameworks",
				);
				PRODUCT_BUNDLE_IDENTIFIER = evanbrass.ForecastTests;
				PRODUCT_NAME = "$(TARGET_NAME)";
				SWIFT_VERSION = 5.0;
				TARGETED_DEVICE_FAMILY = "1,2";
				TEST_HOST = "$(BUILT_PRODUCTS_DIR)/Forecast.app/Forecast";
			};
			name = Release;
		};
/* End XCBuildConfiguration section */

/* Begin XCConfigurationList section */
		655C5BA32486BDF600015EFA /* Build configuration list for PBXProject "Forecast" */ = {
			isa = XCConfigurationList;
			buildConfigurations = (
				655C5BC52486BDF900015EFA /* Debug */,
				655C5BC62486BDF900015EFA /* Release */,
			);
			defaultConfigurationIsVisible = 0;
			defaultConfigurationName = Release;
		};
		655C5BC72486BDF900015EFA /* Build configuration list for PBXNativeTarget "Forecast" */ = {
			isa = XCConfigurationList;
			buildConfigurations = (
				655C5BC82486BDF900015EFA /* Debug */,
				655C5BC92486BDF900015EFA /* Release */,
			);
			defaultConfigurationIsVisible = 0;
			defaultConfigurationName = Release;
		};
		655C5BCA2486BDF900015EFA /* Build configuration list for PBXNativeTarget "ForecastTests" */ = {
			isa = XCConfigurationList;
			buildConfigurations = (
				655C5BCB2486BDF900015EFA /* Debug */,
				655C5BCC2486BDF900015EFA /* Release */,
			);
			defaultConfigurationIsVisible = 0;
			defaultConfigurationName = Release;
		};
/* End XCConfigurationList section */
	};
	rootObject = 655C5BA02486BDF600015EFA /* Project object */;
}
